
Microsoft Visual Studio Solution File, Format Version 12.00
# Visual Studio 14
VisualStudioVersion = 14.0.25420.1
MinimumVisualStudioVersion = 10.0.40219.1
Project("{FAE04EC0-301F-11D3-BF4B-00C04F79EFBC}") = "BlueSharkBatch_24sep2019", "BlueSharkBatch_24sep2019\BlueSharkBatch_24sep2019.csproj", "{D8432AE6-0DCB-42E4-8B92-921DE604012D}"
EndProject
Project("{FAE04EC0-301F-11D3-BF4B-00C04F79EFBC}") = "DataFirstApproach", "DataFirstApproach\DataFirstApproach.csproj", "{B920F721-B70E-48CA-84BD-9E3E18EAF5C5}"
EndProject
Project("{FAE04EC0-301F-11D3-BF4B-00C04F79EFBC}") = "ModelBasedApproach", "ModelBasedApproach\ModelBasedApproach.csproj", "{B6919F5F-0640-4E2B-A7F3-AB73022EC530}"
EndProject
Project("{FAE04EC0-301F-11D3-BF4B-00C04F79EFBC}") = "CodeFirstApproach", "CodeFirstApproach\CodeFirstApproach.csproj", "{20698C58-89F4-4554-B478-6072DF37E5E7}"
EndProject
Project("{FAE04EC0-301F-11D3-BF4B-00C04F79EFBC}") = "LayoutsInMVC", "LayoutsInMVC\LayoutsInMVC.csproj", "{C93F7FE7-1DAF-4CCF-BE8E-5391FEC1638B}"
EndProject
Project("{FAE04EC0-301F-11D3-BF4B-00C04F79EFBC}") = "AdoDotnetExample", "AdoDotnetExample\AdoDotnetExample.csproj", "{93DC621E-BD6C-4365-AA7F-583BABE9651B}"
	ProjectSection(ProjectDependencies) = postProject
		{A16F670F-654A-46EC-8333-178D0A2E8937} = {A16F670F-654A-46EC-8333-178D0A2E8937}
		{F7C01520-B64D-4E82-8274-323228FD147F} = {F7C01520-B64D-4E82-8274-323228FD147F}
		{39A6B02A-6BAD-4B33-BACD-59473F662DA8} = {39A6B02A-6BAD-4B33-BACD-59473F662DA8}
		{7B3A3B64-55FF-4EA6-BF18-CF4E45274563} = {7B3A3B64-55FF-4EA6-BF18-CF4E45274563}
		{A93FC565-7C51-402B-A796-3C27FBAF178E} = {A93FC565-7C51-402B-A796-3C27FBAF178E}
	EndProjectSection
EndProject
Project("{FAE04EC0-301F-11D3-BF4B-00C04F79EFBC}") = "Settings", "Settings\Settings.csproj", "{F7C01520-B64D-4E82-8274-323228FD147F}"
EndProject
Project("{FAE04EC0-301F-11D3-BF4B-00C04F79EFBC}") = "Dal", "Dal\Dal.csproj", "{39A6B02A-6BAD-4B33-BACD-59473F662DA8}"
EndProject
Project("{FAE04EC0-301F-11D3-BF4B-00C04F79EFBC}") = "Bal", "Bal\Bal.csproj", "{A16F670F-654A-46EC-8333-178D0A2E8937}"
EndProject
Project("{FAE04EC0-301F-11D3-BF4B-00C04F79EFBC}") = "WebServiceExample", "WebServiceExample\WebServiceExample.csproj", "{7B3A3B64-55FF-4EA6-BF18-CF4E45274563}"
EndProject
Project("{FAE04EC0-301F-11D3-BF4B-00C04F79EFBC}") = "WCFServiceExample", "WCFServiceExample\WCFServiceExample.csproj", "{A93FC565-7C51-402B-A796-3C27FBAF178E}"
EndProject
Project("{FAE04EC0-301F-11D3-BF4B-00C04F79EFBC}") = "WebApplication1", "WebApplication1\WebApplication1.csproj", "{870BCA0D-9ABE-4663-9013-CA6A386C3D11}"
EndProject
Global
	GlobalSection(SolutionConfigurationPlatforms) = preSolution
		Debug|Any CPU = Debug|Any CPU
		Release|Any CPU = Release|Any CPU
	EndGlobalSection
	GlobalSection(ProjectConfigurationPlatforms) = postSolution
		{D8432AE6-0DCB-42E4-8B92-921DE604012D}.Debug|Any CPU.ActiveCfg = Debug|Any CPU
		{D8432AE6-0DCB-42E4-8B92-921DE604012D}.Debug|Any CPU.Build.0 = Debug|Any CPU
		{D8432AE6-0DCB-42E4-8B92-921DE604012D}.Release|Any CPU.ActiveCfg = Release|Any CPU
		{D8432AE6-0DCB-42E4-8B92-921DE604012D}.Release|Any CPU.Build.0 = Release|Any CPU
		{B920F721-B70E-48CA-84BD-9E3E18EAF5C5}.Debug|Any CPU.ActiveCfg = Debug|Any CPU
		{B920F721-B70E-48CA-84BD-9E3E18EAF5C5}.Debug|Any CPU.Build.0 = Debug|Any CPU
		{B920F721-B70E-48CA-84BD-9E3E18EAF5C5}.Release|Any CPU.ActiveCfg = Release|Any CPU
		{B920F721-B70E-48CA-84BD-9E3E18EAF5C5}.Release|Any CPU.Build.0 = Release|Any CPU
		{B6919F5F-0640-4E2B-A7F3-AB73022EC530}.Debug|Any CPU.ActiveCfg = Debug|Any CPU
		{B6919F5F-0640-4E2B-A7F3-AB73022EC530}.Debug|Any CPU.Build.0 = Debug|Any CPU
		{B6919F5F-0640-4E2B-A7F3-AB73022EC530}.Release|Any CPU.ActiveCfg = Release|Any CPU
		{B6919F5F-0640-4E2B-A7F3-AB73022EC530}.Release|Any CPU.Build.0 = Release|Any CPU
		{20698C58-89F4-4554-B478-6072DF37E5E7}.Debug|Any CPU.ActiveCfg = Debug|Any CPU
		{20698C58-89F4-4554-B478-6072DF37E5E7}.Debug|Any CPU.Build.0 = Debug|Any CPU
		{20698C58-89F4-4554-B478-6072DF37E5E7}.Release|Any CPU.ActiveCfg = Release|Any CPU
		{20698C58-89F4-4554-B478-6072DF37E5E7}.Release|Any CPU.Build.0 = Release|Any CPU
		{C93F7FE7-1DAF-4CCF-BE8E-5391FEC1638B}.Debug|Any CPU.ActiveCfg = Debug|Any CPU
		{C93F7FE7-1DAF-4CCF-BE8E-5391FEC1638B}.Debug|Any CPU.Build.0 = Debug|Any CPU
		{C93F7FE7-1DAF-4CCF-BE8E-5391FEC1638B}.Release|Any CPU.ActiveCfg = Release|Any CPU
		{C93F7FE7-1DAF-4CCF-BE8E-5391FEC1638B}.Release|Any CPU.Build.0 = Release|Any CPU
		{93DC621E-BD6C-4365-AA7F-583BABE9651B}.Debug|Any CPU.ActiveCfg = Debug|Any CPU
		{93DC621E-BD6C-4365-AA7F-583BABE9651B}.Debug|Any CPU.Build.0 = Debug|Any CPU
		{93DC621E-BD6C-4365-AA7F-583BABE9651B}.Release|Any CPU.ActiveCfg = Release|Any CPU
		{93DC621E-BD6C-4365-AA7F-583BABE9651B}.Release|Any CPU.Build.0 = Release|Any CPU
		{F7C01520-B64D-4E82-8274-323228FD147F}.Debug|Any CPU.ActiveCfg = Debug|Any CPU
		{F7C01520-B64D-4E82-8274-323228FD147F}.Debug|Any CPU.Build.0 = Debug|Any CPU
		{F7C01520-B64D-4E82-8274-323228FD147F}.Release|Any CPU.ActiveCfg = Release|Any CPU
		{F7C01520-B64D-4E82-8274-323228FD147F}.Release|Any CPU.Build.0 = Release|Any CPU
		{39A6B02A-6BAD-4B33-BACD-59473F662DA8}.Debug|Any CPU.ActiveCfg = Debug|Any CPU
		{39A6B02A-6BAD-4B33-BACD-59473F662DA8}.Debug|Any CPU.Build.0 = Debug|Any CPU
		{39A6B02A-6BAD-4B33-BACD-59473F662DA8}.Release|Any CPU.ActiveCfg = Release|Any CPU
		{39A6B02A-6BAD-4B33-BACD-59473F662DA8}.Release|Any CPU.Build.0 = Release|Any CPU
		{A16F670F-654A-46EC-8333-178D0A2E8937}.Debug|Any CPU.ActiveCfg = Debug|Any CPU
		{A16F670F-654A-46EC-8333-178D0A2E8937}.Debug|Any CPU.Build.0 = Debug|Any CPU
		{A16F670F-654A-46EC-8333-178D0A2E8937}.Release|Any CPU.ActiveCfg = Release|Any CPU
		{A16F670F-654A-46EC-8333-178D0A2E8937}.Release|Any CPU.Build.0 = Release|Any CPU
		{7B3A3B64-55FF-4EA6-BF18-CF4E45274563}.Debug|Any CPU.ActiveCfg = Debug|Any CPU
		{7B3A3B64-55FF-4EA6-BF18-CF4E45274563}.Debug|Any CPU.Build.0 = Debug|Any CPU
		{7B3A3B64-55FF-4EA6-BF18-CF4E45274563}.Release|Any CPU.ActiveCfg = Release|Any CPU
		{7B3A3B64-55FF-4EA6-BF18-CF4E45274563}.Release|Any CPU.Build.0 = Release|Any CPU
		{A93FC565-7C51-402B-A796-3C27FBAF178E}.Debug|Any CPU.ActiveCfg = Debug|Any CPU
		{A93FC565-7C51-402B-A796-3C27FBAF178E}.Debug|Any CPU.Build.0 = Debug|Any CPU
		{A93FC565-7C51-402B-A796-3C27FBAF178E}.Release|Any CPU.ActiveCfg = Release|Any CPU
		{A93FC565-7C51-402B-A796-3C27FBAF178E}.Release|Any CPU.Build.0 = Release|Any CPU
		{870BCA0D-9ABE-4663-9013-CA6A386C3D11}.Debug|Any CPU.ActiveCfg = Debug|Any CPU
		{870BCA0D-9ABE-4663-9013-CA6A386C3D11}.Debug|Any CPU.Build.0 = Debug|Any CPU
		{870BCA0D-9ABE-4663-9013-CA6A386C3D11}.Release|Any CPU.ActiveCfg = Release|Any CPU
		{870BCA0D-9ABE-4663-9013-CA6A386C3D11}.Release|Any CPU.Build.0 = Release|Any CPU
	EndGlobalSection
	GlobalSection(SolutionProperties) = preSolution
		HideSolutionNode = FALSE
	EndGlobalSection
EndGlobal
